
Microsoft Visual Studio Solution File, Format Version 12.00
# Visual Studio Version 17
VisualStudioVersion = 17.5.33516.290
MinimumVisualStudioVersion = 10.0.40219.1
Project("{9A19103F-16F7-4668-BE54-9A1E7A4F7556}") = "dotnet-aws-serverless-poc", "dotnet-aws-serverless-poc\dotnet-aws-serverless-poc.csproj", "{5CC5EDD8-1594-4087-B761-F9508858C842}"
EndProject
Project("{9A19103F-16F7-4668-BE54-9A1E7A4F7556}") = "dotnet-aws-serverless-poc.Tests", "dotnet-aws-serverless-poc.Tests\dotnet-aws-serverless-poc.Tests.csproj", "{EB83FA97-404F-4D62-A7B1-A9E96EFEE27C}"
EndProject
Project("{2150E333-8FDC-42A3-9474-1A3956D46DE8}") = "Solution Items", "Solution Items", "{3A2D6DB5-E9E9-4E61-A8A6-8A43EE33E8DC}"
	ProjectSection(SolutionItems) = preProject
		.gitignore = .gitignore
	EndProjectSection
EndProject
Global
	GlobalSection(SolutionConfigurationPlatforms) = preSolution
		Debug|Any CPU = Debug|Any CPU
		Release|Any CPU = Release|Any CPU
	EndGlobalSection
	GlobalSection(ProjectConfigurationPlatforms) = postSolution
		{5CC5EDD8-1594-4087-B761-F9508858C842}.Debug|Any CPU.ActiveCfg = Debug|Any CPU
		{5CC5EDD8-1594-4087-B761-F9508858C842}.Debug|Any CPU.Build.0 = Debug|Any CPU
		{5CC5EDD8-1594-4087-B761-F9508858C842}.Release|Any CPU.ActiveCfg = Release|Any CPU
		{5CC5EDD8-1594-4087-B761-F9508858C842}.Release|Any CPU.Build.0 = Release|Any CPU
		{EB83FA97-404F-4D62-A7B1-A9E96EFEE27C}.Debug|Any CPU.ActiveCfg = Debug|Any CPU
		{EB83FA97-404F-4D62-A7B1-A9E96EFEE27C}.Debug|Any CPU.Build.0 = Debug|Any CPU
		{EB83FA97-404F-4D62-A7B1-A9E96EFEE27C}.Release|Any CPU.ActiveCfg = Release|Any CPU
		{EB83FA97-404F-4D62-A7B1-A9E96EFEE27C}.Release|Any CPU.Build.0 = Release|Any CPU
	EndGlobalSection
	GlobalSection(SolutionProperties) = preSolution
		HideSolutionNode = FALSE
	EndGlobalSection
	GlobalSection(ExtensibilityGlobals) = postSolution
		SolutionGuid = {4918CEB9-F6AE-4AA2-B4D6-2D657BC5C376}
	EndGlobalSection
EndGlobal
